github.com/edsrzf/mmap-go v1.1.0 h1:6EUwBLQ/Mcr1EYLE4Tn1VdW1A4ckqCQWZBw8Hr0kjpQ=
github.com/edsrzf/mmap-go v1.1.0/go.mod h1:19H/e8pUPLicwkyNgOykDXkJ9F0MHE+Z52B8EIth78Q=
github.com/go-mmap/mmap v0.7.0 h1:+h1n06sZw0IWBwL9YDzTomNNXxM4LH/l+HVpGaTC+qk=
github.com/go-mmap/mmap v0.7.0/go.mod h1:moN8m00bW6Mpk+Y1xQFeL3xZqycnT4qUAf852ICV/Gc=
golang.org/x/sys v0.6.0 h1:MVltZSvRTcU2ljQOhs94SXPftV6DCNnZViHeQps87pQ=
golang.org/x/sys v0.6.0/go.mod h1:oPkhp1MJrh7nUepCBck5+mAzfO9JrbApNNgaTdGDITg=
